
Microsoft Visual Studio Solution File, Format Version 12.00
# Visual Studio Version 17
VisualStudioVersion = 17.3.32825.248
MinimumVisualStudioVersion = 10.0.40219.1
Project("{FAE04EC0-301F-11D3-BF4B-00C04F79EFBC}") = "TheWheelTrading", "TheWheelTrading\TheWheelTrading.csproj", "{9E681073-33D6-467C-88FA-2B0C94436D4C}"
EndProject
Global
	GlobalSection(SolutionConfigurationPlatforms) = preSolution
		Debug|Any CPU = Debug|Any CPU
		Release|Any CPU = Release|Any CPU
	EndGlobalSection
	GlobalSection(ProjectConfigurationPlatforms) = postSolution
		{9E681073-33D6-467C-88FA-2B0C94436D4C}.Debug|Any CPU.ActiveCfg = Debug|Any CPU
		{9E681073-33D6-467C-88FA-2B0C94436D4C}.Debug|Any CPU.Build.0 = Debug|Any CPU
		{9E681073-33D6-467C-88FA-2B0C94436D4C}.Release|Any CPU.ActiveCfg = Release|Any CPU
		{9E681073-33D6-467C-88FA-2B0C94436D4C}.Release|Any CPU.Build.0 = Release|Any CPU
	EndGlobalSection
	GlobalSection(SolutionProperties) = preSolution
		HideSolutionNode = FALSE
	EndGlobalSection
	GlobalSection(ExtensibilityGlobals) = postSolution
		SolutionGuid = {013D1A80-C62D-463F-A244-3AEDB0A8174C}
	EndGlobalSection
EndGlobal
